
Microsoft Visual Studio Solution File, Format Version 12.00
# Visual Studio Version 16
VisualStudioVersion = 16.0.29519.181
MinimumVisualStudioVersion = 10.0.40219.1
Project("{2150E333-8FDC-42A3-9474-1A3956D46DE8}") = "01.单例模式", "01.单例模式", "{99FF2A98-E6FD-4BFD-9258-2D4E9799FE5A}"
EndProject
Project("{2150E333-8FDC-42A3-9474-1A3956D46DE8}") = "1.1.饿汉式", "1.1.饿汉式", "{CA03F33E-B5EA-4CA9-99FC-A3EADDFC8088}"
EndProject
Project("{2150E333-8FDC-42A3-9474-1A3956D46DE8}") = "1.2.懒汉式", "1.2.懒汉式", "{FF5A25C3-E5B2-4A8F-8407-E9335135CE78}"
EndProject
Project("{2150E333-8FDC-42A3-9474-1A3956D46DE8}") = "1.1.1.静态字段", "1.1.1.静态字段", "{0840B6FF-9E25-45F2-9A58-3E721F94FD92}"
EndProject
Project("{2150E333-8FDC-42A3-9474-1A3956D46DE8}") = "1.2.1.单线程（多线程不安全）", "1.2.1.单线程（多线程不安全）", "{D4C9F7EC-78EC-4A95-89E2-FFD42B9419C3}"
EndProject
Project("{2150E333-8FDC-42A3-9474-1A3956D46DE8}") = "1.2.2.加锁", "1.2.2.加锁", "{1DD20651-FCD9-4A15-9931-25C6659EEAF0}"
EndProject
Project("{2150E333-8FDC-42A3-9474-1A3956D46DE8}") = "1.2.3.加锁的双重判断", "1.2.3.加锁的双重判断", "{74B59918-B666-4CA5-97CF-5847AF2180B4}"
EndProject
Project("{2150E333-8FDC-42A3-9474-1A3956D46DE8}") = "1.2.4.静态内部类", "1.2.4.静态内部类", "{1413EED2-C798-4243-BBFB-14D0537330A5}"
EndProject
Project("{2150E333-8FDC-42A3-9474-1A3956D46DE8}") = "1.3.枚举式（Java）", "1.3.枚举式（Java）", "{5B496D9F-263E-4E39-AAF7-849B17ACF0D7}"
EndProject
Project("{2150E333-8FDC-42A3-9474-1A3956D46DE8}") = "02.工厂方法模式", "02.工厂方法模式", "{3E81EBF7-D7D3-410A-85B8-576F63C39DBA}"
EndProject
Project("{2150E333-8FDC-42A3-9474-1A3956D46DE8}") = "2.1.简单工厂", "2.1.简单工厂", "{A69567E0-1EBB-46E6-A5EC-AAD11411D103}"
	ProjectSection(SolutionItems) = preProject
		2.工厂方法模式\README.md = 2.工厂方法模式\README.md
	EndProjectSection
EndProject
Project("{2150E333-8FDC-42A3-9474-1A3956D46DE8}") = "2.1.1.普通实现", "2.1.1.普通实现", "{FAB1E882-DC6E-45AC-84A1-46A6C5E11E21}"
EndProject
Project("{2150E333-8FDC-42A3-9474-1A3956D46DE8}") = "2.1.2.简单工厂实现", "2.1.2.简单工厂实现", "{69A04E9E-726D-4366-800B-21B189128584}"
EndProject
Project("{2150E333-8FDC-42A3-9474-1A3956D46DE8}") = "2.2.工厂方法", "2.2.工厂方法", "{EE2B76B7-B7DC-480D-B58C-2534FD3A2037}"
EndProject
Project("{2150E333-8FDC-42A3-9474-1A3956D46DE8}") = "03.抽象工厂模式", "03.抽象工厂模式", "{6F77D392-2151-4668-A937-4457827EA0F3}"
EndProject
Project("{2150E333-8FDC-42A3-9474-1A3956D46DE8}") = "04.原型模式", "04.原型模式", "{FE1583FA-01B0-457A-880F-0A011DDD8E69}"
EndProject
Project("{2150E333-8FDC-42A3-9474-1A3956D46DE8}") = "05.建造者模式", "05.建造者模式", "{4861A83A-1108-4CEA-842A-70558FEB72A5}"
EndProject
Project("{2150E333-8FDC-42A3-9474-1A3956D46DE8}") = "06.适配器模式", "06.适配器模式", "{5B574066-9E65-4EA0-8309-E1F20931D9EE}"
	ProjectSection(SolutionItems) = preProject
		6.适配器模式\README.md = 6.适配器模式\README.md
	EndProjectSection
EndProject
Project("{2150E333-8FDC-42A3-9474-1A3956D46DE8}") = "6.1.类适配器", "6.1.类适配器", "{8985B060-835E-4A59-AB9D-8CFE44A26F0A}"
EndProject
Project("{2150E333-8FDC-42A3-9474-1A3956D46DE8}") = "6.2.对象适配器", "6.2.对象适配器", "{1507D0DC-9F31-4A9F-9BE7-C0E2372E0EBD}"
EndProject
Project("{2150E333-8FDC-42A3-9474-1A3956D46DE8}") = "07.桥接模式", "07.桥接模式", "{78FB411F-2A7F-44B6-AADE-736948C52079}"
EndProject
Project("{2150E333-8FDC-42A3-9474-1A3956D46DE8}") = "08.装饰模式", "08.装饰模式", "{DEC3539B-7D94-4D1F-A8F1-6814DF6B41DA}"
EndProject
Project("{2150E333-8FDC-42A3-9474-1A3956D46DE8}") = "09.组合模式", "09.组合模式", "{D6CC15F9-58CC-46C3-92D9-E78DD3170762}"
EndProject
Project("{2150E333-8FDC-42A3-9474-1A3956D46DE8}") = "10.外观模式", "10.外观模式", "{C164C3EA-0BE4-4D5D-A8CC-48F02C1B53C9}"
EndProject
Project("{9A19103F-16F7-4668-BE54-9A1E7A4F7556}") = "Facade", "10.外观模式\Facade\Facade.csproj", "{1B037190-2550-4B72-B61C-6F2A08164C6E}"
EndProject
Project("{2150E333-8FDC-42A3-9474-1A3956D46DE8}") = "11.享元模式", "11.享元模式", "{FB6951AE-F6E2-4778-9248-6D3BCA2F5C09}"
EndProject
Project("{9A19103F-16F7-4668-BE54-9A1E7A4F7556}") = "Flyweight", "11.享元模式\Flyweight\Flyweight.csproj", "{268218A6-A7EF-44B9-8541-F48B60CA2B26}"
EndProject
Project("{2150E333-8FDC-42A3-9474-1A3956D46DE8}") = "12.代理模式", "12.代理模式", "{D4892C4F-8B0B-4933-86EB-670CD48D3CCC}"
EndProject
Project("{FAE04EC0-301F-11D3-BF4B-00C04F79EFBC}") = "DynamicProxy", "12.代理模式\DynamicProxy\DynamicProxy.csproj", "{586648EA-C987-4663-B924-0A9D2857A6C0}"
EndProject
Project("{9A19103F-16F7-4668-BE54-9A1E7A4F7556}") = "StaticProxy", "12.代理模式\StaticProxy\StaticProxy.csproj", "{D7F878E2-0BAB-4D6D-BC87-96849BAE66A8}"
EndProject
Project("{2150E333-8FDC-42A3-9474-1A3956D46DE8}") = "13.模板方法模式", "13.模板方法模式", "{23AB1B29-1B1F-4786-AD75-35206B005DF7}"
EndProject
Project("{9A19103F-16F7-4668-BE54-9A1E7A4F7556}") = "TemplateMethod", "13.模板方法模式\TemplateMethod\TemplateMethod.csproj", "{BDFF9591-B9AD-49EF-AED8-1E7AFF0704F5}"
EndProject
Project("{9A19103F-16F7-4668-BE54-9A1E7A4F7556}") = "Singleton1", "01.单例模式\1.1.饿汉式\1.1.1.静态字段\Singleton1\Singleton1.csproj", "{0BACAF21-9222-4E5F-A59C-90242AC98ADF}"
EndProject
Project("{9A19103F-16F7-4668-BE54-9A1E7A4F7556}") = "Singleton2", "01.单例模式\1.2.懒汉式\1.2.1.单线程（多线程不安全）\Singleton2\Singleton2.csproj", "{4CB4312B-16A0-4EE5-895C-4C5099F3024C}"
EndProject
Project("{9A19103F-16F7-4668-BE54-9A1E7A4F7556}") = "Singleton3", "01.单例模式\1.2.懒汉式\1.2.2.加锁\Singleton3\Singleton3.csproj", "{C2DD6940-3E5C-46C1-864C-E4BA3EDF7523}"
EndProject
Project("{9A19103F-16F7-4668-BE54-9A1E7A4F7556}") = "Singleton4", "01.单例模式\1.2.懒汉式\1.2.3.加锁的双重判断\Singleton4\Singleton4.csproj", "{351D2E53-7DF6-4496-A920-D0E6563110CC}"
EndProject
Project("{9A19103F-16F7-4668-BE54-9A1E7A4F7556}") = "Singleton5", "01.单例模式\1.2.懒汉式\1.2.4.静态内部类\Singleton5\Singleton5.csproj", "{5CF1245A-02F3-47BF-9AE1-86D4FEC8965A}"
EndProject
Project("{9A19103F-16F7-4668-BE54-9A1E7A4F7556}") = "SimpleFactory1", "02.工厂方法模式\2.1.简单工厂\2.1.1.普通实现\SimpleFactory1\SimpleFactory1.csproj", "{761E948A-A9BB-4EE7-9996-0E9EF84DE9D5}"
EndProject
Project("{9A19103F-16F7-4668-BE54-9A1E7A4F7556}") = "SimpleFactory2", "02.工厂方法模式\2.1.简单工厂\2.1.2.简单工厂实现\SimpleFactory2\SimpleFactory2.csproj", "{5E8F8B6F-F195-4AFF-9702-055434EEE029}"
EndProject
Project("{9A19103F-16F7-4668-BE54-9A1E7A4F7556}") = "SimpleFactory3", "02.工厂方法模式\2.1.简单工厂\2.1.2.简单工厂实现\SimpleFactory3\SimpleFactory3.csproj", "{31E67CE4-02FF-4075-8985-8D0C5E6DA984}"
EndProject
Project("{9A19103F-16F7-4668-BE54-9A1E7A4F7556}") = "FactoryMethod", "02.工厂方法模式\2.2.工厂方法\FactoryMethod\FactoryMethod.csproj", "{9AEA3B5A-66A0-468D-9760-5785766CAD82}"
EndProject
Project("{9A19103F-16F7-4668-BE54-9A1E7A4F7556}") = "AbstractFactory", "03.抽象工厂模式\AbstractFactory\AbstractFactory.csproj", "{7C5BFA1D-7FC8-41A2-9223-EA677DF572DA}"
EndProject
Project("{9A19103F-16F7-4668-BE54-9A1E7A4F7556}") = "Prototype", "04.原型模式\Prototype\Prototype.csproj", "{F5A2FF8E-023B-483A-AF3C-C2E3D3A1CA0E}"
EndProject
Project("{9A19103F-16F7-4668-BE54-9A1E7A4F7556}") = "Builder", "05.构建器模式\Builder\Builder.csproj", "{D4E2E393-E8EA-47C8-98C8-F0C093F0E675}"
EndProject
Project("{9A19103F-16F7-4668-BE54-9A1E7A4F7556}") = "Adapter", "06.适配器模式\6.1.类适配器\Adapter\Adapter.csproj", "{4C326F88-93E5-4941-A9D6-8BE4887F6A78}"
EndProject
Project("{9A19103F-16F7-4668-BE54-9A1E7A4F7556}") = "Adapter2", "06.适配器模式\6.2.对象适配器\Adapter2\Adapter2.csproj", "{62D222B2-891E-44F3-9862-42EA51318A2C}"
EndProject
Project("{9A19103F-16F7-4668-BE54-9A1E7A4F7556}") = "Bridge", "07.桥接模式\Bridge\Bridge.csproj", "{F7F141E6-249F-4A88-9EE1-15DB1E628816}"
EndProject
Project("{9A19103F-16F7-4668-BE54-9A1E7A4F7556}") = "Decorator", "08.装饰者模式\Decorator\Decorator.csproj", "{1D3C12F5-A86A-4088-A7C9-382C049AFB2D}"
EndProject
Project("{9A19103F-16F7-4668-BE54-9A1E7A4F7556}") = "Composite", "09.组合模式\Composite\Composite.csproj", "{D7C031AE-EB6B-403E-8A3B-9E28A77A41A5}"
EndProject
Project("{2150E333-8FDC-42A3-9474-1A3956D46DE8}") = "14.命令模式", "14.命令模式", "{3EA4824B-F9BD-406A-963A-760418C3E772}"
EndProject
Project("{FAE04EC0-301F-11D3-BF4B-00C04F79EFBC}") = "CommandPattern", "14.命令模式\Command\CommandPattern.csproj", "{018A0D38-C615-497B-BB23-872C4640A02E}"
EndProject
Project("{2150E333-8FDC-42A3-9474-1A3956D46DE8}") = "15.访问者模式", "15.访问者模式", "{FA3F5BF6-E3FD-4B96-AB2B-F16F1A6EFBC3}"
EndProject
Project("{FAE04EC0-301F-11D3-BF4B-00C04F79EFBC}") = "VisitorPattern", "15.访问者模式\VisitorPattern\VisitorPattern.csproj", "{2E90A08B-2D17-4855-B0E7-9B26972341D6}"
EndProject
Project("{2150E333-8FDC-42A3-9474-1A3956D46DE8}") = "16.迭代器模式", "16.迭代器模式", "{73208591-FE3A-4E2A-8D94-C79028BBE6DF}"
EndProject
Project("{FAE04EC0-301F-11D3-BF4B-00C04F79EFBC}") = "IteratorPattern", "16.迭代器模式\IteratorPattern\IteratorPattern.csproj", "{8D8FB0EC-A195-4A84-9C77-566D4A9C70FC}"
EndProject
Global
	GlobalSection(SolutionConfigurationPlatforms) = preSolution
		Debug|Any CPU = Debug|Any CPU
		Release|Any CPU = Release|Any CPU
	EndGlobalSection
	GlobalSection(ProjectConfigurationPlatforms) = postSolution
		{1B037190-2550-4B72-B61C-6F2A08164C6E}.Debug|Any CPU.ActiveCfg = Debug|Any CPU
		{1B037190-2550-4B72-B61C-6F2A08164C6E}.Debug|Any CPU.Build.0 = Debug|Any CPU
		{1B037190-2550-4B72-B61C-6F2A08164C6E}.Release|Any CPU.ActiveCfg = Release|Any CPU
		{1B037190-2550-4B72-B61C-6F2A08164C6E}.Release|Any CPU.Build.0 = Release|Any CPU
		{268218A6-A7EF-44B9-8541-F48B60CA2B26}.Debug|Any CPU.ActiveCfg = Debug|Any CPU
		{268218A6-A7EF-44B9-8541-F48B60CA2B26}.Debug|Any CPU.Build.0 = Debug|Any CPU
		{268218A6-A7EF-44B9-8541-F48B60CA2B26}.Release|Any CPU.ActiveCfg = Release|Any CPU
		{268218A6-A7EF-44B9-8541-F48B60CA2B26}.Release|Any CPU.Build.0 = Release|Any CPU
		{586648EA-C987-4663-B924-0A9D2857A6C0}.Debug|Any CPU.ActiveCfg = Debug|Any CPU
		{586648EA-C987-4663-B924-0A9D2857A6C0}.Debug|Any CPU.Build.0 = Debug|Any CPU
		{586648EA-C987-4663-B924-0A9D2857A6C0}.Release|Any CPU.ActiveCfg = Release|Any CPU
		{586648EA-C987-4663-B924-0A9D2857A6C0}.Release|Any CPU.Build.0 = Release|Any CPU
		{D7F878E2-0BAB-4D6D-BC87-96849BAE66A8}.Debug|Any CPU.ActiveCfg = Debug|Any CPU
		{D7F878E2-0BAB-4D6D-BC87-96849BAE66A8}.Debug|Any CPU.Build.0 = Debug|Any CPU
		{D7F878E2-0BAB-4D6D-BC87-96849BAE66A8}.Release|Any CPU.ActiveCfg = Release|Any CPU
		{D7F878E2-0BAB-4D6D-BC87-96849BAE66A8}.Release|Any CPU.Build.0 = Release|Any CPU
		{BDFF9591-B9AD-49EF-AED8-1E7AFF0704F5}.Debug|Any CPU.ActiveCfg = Debug|Any CPU
		{BDFF9591-B9AD-49EF-AED8-1E7AFF0704F5}.Debug|Any CPU.Build.0 = Debug|Any CPU
		{BDFF9591-B9AD-49EF-AED8-1E7AFF0704F5}.Release|Any CPU.ActiveCfg = Release|Any CPU
		{BDFF9591-B9AD-49EF-AED8-1E7AFF0704F5}.Release|Any CPU.Build.0 = Release|Any CPU
		{0BACAF21-9222-4E5F-A59C-90242AC98ADF}.Debug|Any CPU.ActiveCfg = Debug|Any CPU
		{0BACAF21-9222-4E5F-A59C-90242AC98ADF}.Debug|Any CPU.Build.0 = Debug|Any CPU
		{0BACAF21-9222-4E5F-A59C-90242AC98ADF}.Release|Any CPU.ActiveCfg = Release|Any CPU
		{0BACAF21-9222-4E5F-A59C-90242AC98ADF}.Release|Any CPU.Build.0 = Release|Any CPU
		{4CB4312B-16A0-4EE5-895C-4C5099F3024C}.Debug|Any CPU.ActiveCfg = Debug|Any CPU
		{4CB4312B-16A0-4EE5-895C-4C5099F3024C}.Debug|Any CPU.Build.0 = Debug|Any CPU
		{4CB4312B-16A0-4EE5-895C-4C5099F3024C}.Release|Any CPU.ActiveCfg = Release|Any CPU
		{4CB4312B-16A0-4EE5-895C-4C5099F3024C}.Release|Any CPU.Build.0 = Release|Any CPU
		{C2DD6940-3E5C-46C1-864C-E4BA3EDF7523}.Debug|Any CPU.ActiveCfg = Debug|Any CPU
		{C2DD6940-3E5C-46C1-864C-E4BA3EDF7523}.Debug|Any CPU.Build.0 = Debug|Any CPU
		{C2DD6940-3E5C-46C1-864C-E4BA3EDF7523}.Release|Any CPU.ActiveCfg = Release|Any CPU
		{C2DD6940-3E5C-46C1-864C-E4BA3EDF7523}.Release|Any CPU.Build.0 = Release|Any CPU
		{351D2E53-7DF6-4496-A920-D0E6563110CC}.Debug|Any CPU.ActiveCfg = Debug|Any CPU
		{351D2E53-7DF6-4496-A920-D0E6563110CC}.Debug|Any CPU.Build.0 = Debug|Any CPU
		{351D2E53-7DF6-4496-A920-D0E6563110CC}.Release|Any CPU.ActiveCfg = Release|Any CPU
		{351D2E53-7DF6-4496-A920-D0E6563110CC}.Release|Any CPU.Build.0 = Release|Any CPU
		{5CF1245A-02F3-47BF-9AE1-86D4FEC8965A}.Debug|Any CPU.ActiveCfg = Debug|Any CPU
		{5CF1245A-02F3-47BF-9AE1-86D4FEC8965A}.Debug|Any CPU.Build.0 = Debug|Any CPU
		{5CF1245A-02F3-47BF-9AE1-86D4FEC8965A}.Release|Any CPU.ActiveCfg = Release|Any CPU
		{5CF1245A-02F3-47BF-9AE1-86D4FEC8965A}.Release|Any CPU.Build.0 = Release|Any CPU
		{761E948A-A9BB-4EE7-9996-0E9EF84DE9D5}.Debug|Any CPU.ActiveCfg = Debug|Any CPU
		{761E948A-A9BB-4EE7-9996-0E9EF84DE9D5}.Debug|Any CPU.Build.0 = Debug|Any CPU
		{761E948A-A9BB-4EE7-9996-0E9EF84DE9D5}.Release|Any CPU.ActiveCfg = Release|Any CPU
		{761E948A-A9BB-4EE7-9996-0E9EF84DE9D5}.Release|Any CPU.Build.0 = Release|Any CPU
		{5E8F8B6F-F195-4AFF-9702-055434EEE029}.Debug|Any CPU.ActiveCfg = Debug|Any CPU
		{5E8F8B6F-F195-4AFF-9702-055434EEE029}.Debug|Any CPU.Build.0 = Debug|Any CPU
		{5E8F8B6F-F195-4AFF-9702-055434EEE029}.Release|Any CPU.ActiveCfg = Release|Any CPU
		{5E8F8B6F-F195-4AFF-9702-055434EEE029}.Release|Any CPU.Build.0 = Release|Any CPU
		{31E67CE4-02FF-4075-8985-8D0C5E6DA984}.Debug|Any CPU.ActiveCfg = Debug|Any CPU
		{31E67CE4-02FF-4075-8985-8D0C5E6DA984}.Debug|Any CPU.Build.0 = Debug|Any CPU
		{31E67CE4-02FF-4075-8985-8D0C5E6DA984}.Release|Any CPU.ActiveCfg = Release|Any CPU
		{31E67CE4-02FF-4075-8985-8D0C5E6DA984}.Release|Any CPU.Build.0 = Release|Any CPU
		{9AEA3B5A-66A0-468D-9760-5785766CAD82}.Debug|Any CPU.ActiveCfg = Debug|Any CPU
		{9AEA3B5A-66A0-468D-9760-5785766CAD82}.Debug|Any CPU.Build.0 = Debug|Any CPU
		{9AEA3B5A-66A0-468D-9760-5785766CAD82}.Release|Any CPU.ActiveCfg = Release|Any CPU
		{9AEA3B5A-66A0-468D-9760-5785766CAD82}.Release|Any CPU.Build.0 = Release|Any CPU
		{7C5BFA1D-7FC8-41A2-9223-EA677DF572DA}.Debug|Any CPU.ActiveCfg = Debug|Any CPU
		{7C5BFA1D-7FC8-41A2-9223-EA677DF572DA}.Debug|Any CPU.Build.0 = Debug|Any CPU
		{7C5BFA1D-7FC8-41A2-9223-EA677DF572DA}.Release|Any CPU.ActiveCfg = Release|Any CPU
		{7C5BFA1D-7FC8-41A2-9223-EA677DF572DA}.Release|Any CPU.Build.0 = Release|Any CPU
		{F5A2FF8E-023B-483A-AF3C-C2E3D3A1CA0E}.Debug|Any CPU.ActiveCfg = Debug|Any CPU
		{F5A2FF8E-023B-483A-AF3C-C2E3D3A1CA0E}.Debug|Any CPU.Build.0 = Debug|Any CPU
		{F5A2FF8E-023B-483A-AF3C-C2E3D3A1CA0E}.Release|Any CPU.ActiveCfg = Release|Any CPU
		{F5A2FF8E-023B-483A-AF3C-C2E3D3A1CA0E}.Release|Any CPU.Build.0 = Release|Any CPU
		{D4E2E393-E8EA-47C8-98C8-F0C093F0E675}.Debug|Any CPU.ActiveCfg = Debug|Any CPU
		{D4E2E393-E8EA-47C8-98C8-F0C093F0E675}.Debug|Any CPU.Build.0 = Debug|Any CPU
		{D4E2E393-E8EA-47C8-98C8-F0C093F0E675}.Release|Any CPU.ActiveCfg = Release|Any CPU
		{D4E2E393-E8EA-47C8-98C8-F0C093F0E675}.Release|Any CPU.Build.0 = Release|Any CPU
		{4C326F88-93E5-4941-A9D6-8BE4887F6A78}.Debug|Any CPU.ActiveCfg = Debug|Any CPU
		{4C326F88-93E5-4941-A9D6-8BE4887F6A78}.Debug|Any CPU.Build.0 = Debug|Any CPU
		{4C326F88-93E5-4941-A9D6-8BE4887F6A78}.Release|Any CPU.ActiveCfg = Release|Any CPU
		{4C326F88-93E5-4941-A9D6-8BE4887F6A78}.Release|Any CPU.Build.0 = Release|Any CPU
		{62D222B2-891E-44F3-9862-42EA51318A2C}.Debug|Any CPU.ActiveCfg = Debug|Any CPU
		{62D222B2-891E-44F3-9862-42EA51318A2C}.Debug|Any CPU.Build.0 = Debug|Any CPU
		{62D222B2-891E-44F3-9862-42EA51318A2C}.Release|Any CPU.ActiveCfg = Release|Any CPU
		{62D222B2-891E-44F3-9862-42EA51318A2C}.Release|Any CPU.Build.0 = Release|Any CPU
		{F7F141E6-249F-4A88-9EE1-15DB1E628816}.Debug|Any CPU.ActiveCfg = Debug|Any CPU
		{F7F141E6-249F-4A88-9EE1-15DB1E628816}.Debug|Any CPU.Build.0 = Debug|Any CPU
		{F7F141E6-249F-4A88-9EE1-15DB1E628816}.Release|Any CPU.ActiveCfg = Release|Any CPU
		{F7F141E6-249F-4A88-9EE1-15DB1E628816}.Release|Any CPU.Build.0 = Release|Any CPU
		{1D3C12F5-A86A-4088-A7C9-382C049AFB2D}.Debug|Any CPU.ActiveCfg = Debug|Any CPU
		{1D3C12F5-A86A-4088-A7C9-382C049AFB2D}.Debug|Any CPU.Build.0 = Debug|Any CPU
		{1D3C12F5-A86A-4088-A7C9-382C049AFB2D}.Release|Any CPU.ActiveCfg = Release|Any CPU
		{1D3C12F5-A86A-4088-A7C9-382C049AFB2D}.Release|Any CPU.Build.0 = Release|Any CPU
		{D7C031AE-EB6B-403E-8A3B-9E28A77A41A5}.Debug|Any CPU.ActiveCfg = Debug|Any CPU
		{D7C031AE-EB6B-403E-8A3B-9E28A77A41A5}.Debug|Any CPU.Build.0 = Debug|Any CPU
		{D7C031AE-EB6B-403E-8A3B-9E28A77A41A5}.Release|Any CPU.ActiveCfg = Release|Any CPU
		{D7C031AE-EB6B-403E-8A3B-9E28A77A41A5}.Release|Any CPU.Build.0 = Release|Any CPU
		{018A0D38-C615-497B-BB23-872C4640A02E}.Debug|Any CPU.ActiveCfg = Debug|Any CPU
		{018A0D38-C615-497B-BB23-872C4640A02E}.Debug|Any CPU.Build.0 = Debug|Any CPU
		{018A0D38-C615-497B-BB23-872C4640A02E}.Release|Any CPU.ActiveCfg = Release|Any CPU
		{018A0D38-C615-497B-BB23-872C4640A02E}.Release|Any CPU.Build.0 = Release|Any CPU
		{2E90A08B-2D17-4855-B0E7-9B26972341D6}.Debug|Any CPU.ActiveCfg = Debug|Any CPU
		{2E90A08B-2D17-4855-B0E7-9B26972341D6}.Debug|Any CPU.Build.0 = Debug|Any CPU
		{2E90A08B-2D17-4855-B0E7-9B26972341D6}.Release|Any CPU.ActiveCfg = Release|Any CPU
		{2E90A08B-2D17-4855-B0E7-9B26972341D6}.Release|Any CPU.Build.0 = Release|Any CPU
		{8D8FB0EC-A195-4A84-9C77-566D4A9C70FC}.Debug|Any CPU.ActiveCfg = Debug|Any CPU
		{8D8FB0EC-A195-4A84-9C77-566D4A9C70FC}.Debug|Any CPU.Build.0 = Debug|Any CPU
		{8D8FB0EC-A195-4A84-9C77-566D4A9C70FC}.Release|Any CPU.ActiveCfg = Release|Any CPU
		{8D8FB0EC-A195-4A84-9C77-566D4A9C70FC}.Release|Any CPU.Build.0 = Release|Any CPU
	EndGlobalSection
	GlobalSection(SolutionProperties) = preSolution
		HideSolutionNode = FALSE
	EndGlobalSection
	GlobalSection(NestedProjects) = preSolution
		{CA03F33E-B5EA-4CA9-99FC-A3EADDFC8088} = {99FF2A98-E6FD-4BFD-9258-2D4E9799FE5A}
		{FF5A25C3-E5B2-4A8F-8407-E9335135CE78} = {99FF2A98-E6FD-4BFD-9258-2D4E9799FE5A}
		{0840B6FF-9E25-45F2-9A58-3E721F94FD92} = {CA03F33E-B5EA-4CA9-99FC-A3EADDFC8088}
		{D4C9F7EC-78EC-4A95-89E2-FFD42B9419C3} = {FF5A25C3-E5B2-4A8F-8407-E9335135CE78}
		{1DD20651-FCD9-4A15-9931-25C6659EEAF0} = {FF5A25C3-E5B2-4A8F-8407-E9335135CE78}
		{74B59918-B666-4CA5-97CF-5847AF2180B4} = {FF5A25C3-E5B2-4A8F-8407-E9335135CE78}
		{1413EED2-C798-4243-BBFB-14D0537330A5} = {FF5A25C3-E5B2-4A8F-8407-E9335135CE78}
		{5B496D9F-263E-4E39-AAF7-849B17ACF0D7} = {99FF2A98-E6FD-4BFD-9258-2D4E9799FE5A}
		{A69567E0-1EBB-46E6-A5EC-AAD11411D103} = {3E81EBF7-D7D3-410A-85B8-576F63C39DBA}
		{FAB1E882-DC6E-45AC-84A1-46A6C5E11E21} = {A69567E0-1EBB-46E6-A5EC-AAD11411D103}
		{69A04E9E-726D-4366-800B-21B189128584} = {A69567E0-1EBB-46E6-A5EC-AAD11411D103}
		{EE2B76B7-B7DC-480D-B58C-2534FD3A2037} = {3E81EBF7-D7D3-410A-85B8-576F63C39DBA}
		{8985B060-835E-4A59-AB9D-8CFE44A26F0A} = {5B574066-9E65-4EA0-8309-E1F20931D9EE}
		{1507D0DC-9F31-4A9F-9BE7-C0E2372E0EBD} = {5B574066-9E65-4EA0-8309-E1F20931D9EE}
		{1B037190-2550-4B72-B61C-6F2A08164C6E} = {C164C3EA-0BE4-4D5D-A8CC-48F02C1B53C9}
		{268218A6-A7EF-44B9-8541-F48B60CA2B26} = {FB6951AE-F6E2-4778-9248-6D3BCA2F5C09}
		{586648EA-C987-4663-B924-0A9D2857A6C0} = {D4892C4F-8B0B-4933-86EB-670CD48D3CCC}
		{D7F878E2-0BAB-4D6D-BC87-96849BAE66A8} = {D4892C4F-8B0B-4933-86EB-670CD48D3CCC}
		{BDFF9591-B9AD-49EF-AED8-1E7AFF0704F5} = {23AB1B29-1B1F-4786-AD75-35206B005DF7}
		{0BACAF21-9222-4E5F-A59C-90242AC98ADF} = {0840B6FF-9E25-45F2-9A58-3E721F94FD92}
		{4CB4312B-16A0-4EE5-895C-4C5099F3024C} = {D4C9F7EC-78EC-4A95-89E2-FFD42B9419C3}
		{C2DD6940-3E5C-46C1-864C-E4BA3EDF7523} = {1DD20651-FCD9-4A15-9931-25C6659EEAF0}
		{351D2E53-7DF6-4496-A920-D0E6563110CC} = {74B59918-B666-4CA5-97CF-5847AF2180B4}
		{5CF1245A-02F3-47BF-9AE1-86D4FEC8965A} = {1413EED2-C798-4243-BBFB-14D0537330A5}
		{761E948A-A9BB-4EE7-9996-0E9EF84DE9D5} = {FAB1E882-DC6E-45AC-84A1-46A6C5E11E21}
		{5E8F8B6F-F195-4AFF-9702-055434EEE029} = {69A04E9E-726D-4366-800B-21B189128584}
		{31E67CE4-02FF-4075-8985-8D0C5E6DA984} = {69A04E9E-726D-4366-800B-21B189128584}
		{9AEA3B5A-66A0-468D-9760-5785766CAD82} = {EE2B76B7-B7DC-480D-B58C-2534FD3A2037}
		{7C5BFA1D-7FC8-41A2-9223-EA677DF572DA} = {6F77D392-2151-4668-A937-4457827EA0F3}
		{F5A2FF8E-023B-483A-AF3C-C2E3D3A1CA0E} = {FE1583FA-01B0-457A-880F-0A011DDD8E69}
		{D4E2E393-E8EA-47C8-98C8-F0C093F0E675} = {4861A83A-1108-4CEA-842A-70558FEB72A5}
		{4C326F88-93E5-4941-A9D6-8BE4887F6A78} = {8985B060-835E-4A59-AB9D-8CFE44A26F0A}
		{62D222B2-891E-44F3-9862-42EA51318A2C} = {1507D0DC-9F31-4A9F-9BE7-C0E2372E0EBD}
		{F7F141E6-249F-4A88-9EE1-15DB1E628816} = {78FB411F-2A7F-44B6-AADE-736948C52079}
		{1D3C12F5-A86A-4088-A7C9-382C049AFB2D} = {DEC3539B-7D94-4D1F-A8F1-6814DF6B41DA}
		{D7C031AE-EB6B-403E-8A3B-9E28A77A41A5} = {D6CC15F9-58CC-46C3-92D9-E78DD3170762}
		{018A0D38-C615-497B-BB23-872C4640A02E} = {3EA4824B-F9BD-406A-963A-760418C3E772}
		{2E90A08B-2D17-4855-B0E7-9B26972341D6} = {FA3F5BF6-E3FD-4B96-AB2B-F16F1A6EFBC3}
		{8D8FB0EC-A195-4A84-9C77-566D4A9C70FC} = {73208591-FE3A-4E2A-8D94-C79028BBE6DF}
	EndGlobalSection
	GlobalSection(ExtensibilityGlobals) = postSolution
		SolutionGuid = {3EB99CEE-65FA-4A26-8014-0D446B9D7D7E}
	EndGlobalSection
EndGlobal
