
Microsoft Visual Studio Solution File, Format Version 12.00
# Visual Studio Version 16
VisualStudioVersion = 16.0.29519.181
MinimumVisualStudioVersion = 10.0.40219.1
Project("{2150E333-8FDC-42A3-9474-1A3956D46DE8}") = "1.单例模式", "1.单例模式", "{99FF2A98-E6FD-4BFD-9258-2D4E9799FE5A}"
EndProject
Project("{2150E333-8FDC-42A3-9474-1A3956D46DE8}") = "1.1.饿汉式", "1.1.饿汉式", "{CA03F33E-B5EA-4CA9-99FC-A3EADDFC8088}"
EndProject
Project("{2150E333-8FDC-42A3-9474-1A3956D46DE8}") = "1.2.懒汉式", "1.2.懒汉式", "{FF5A25C3-E5B2-4A8F-8407-E9335135CE78}"
EndProject
Project("{2150E333-8FDC-42A3-9474-1A3956D46DE8}") = "1.1.1.静态字段", "1.1.1.静态字段", "{0840B6FF-9E25-45F2-9A58-3E721F94FD92}"
EndProject
Project("{2150E333-8FDC-42A3-9474-1A3956D46DE8}") = "1.2.1.单线程（多线程不安全）", "1.2.1.单线程（多线程不安全）", "{D4C9F7EC-78EC-4A95-89E2-FFD42B9419C3}"
EndProject
Project("{2150E333-8FDC-42A3-9474-1A3956D46DE8}") = "1.2.2.加锁", "1.2.2.加锁", "{1DD20651-FCD9-4A15-9931-25C6659EEAF0}"
EndProject
Project("{2150E333-8FDC-42A3-9474-1A3956D46DE8}") = "1.2.3.加锁的双重判断", "1.2.3.加锁的双重判断", "{74B59918-B666-4CA5-97CF-5847AF2180B4}"
EndProject
Project("{2150E333-8FDC-42A3-9474-1A3956D46DE8}") = "1.2.4.静态内部类", "1.2.4.静态内部类", "{1413EED2-C798-4243-BBFB-14D0537330A5}"
EndProject
Project("{2150E333-8FDC-42A3-9474-1A3956D46DE8}") = "1.3.枚举式（Java）", "1.3.枚举式（Java）", "{5B496D9F-263E-4E39-AAF7-849B17ACF0D7}"
EndProject
Project("{2150E333-8FDC-42A3-9474-1A3956D46DE8}") = "2.工厂方法模式", "2.工厂方法模式", "{3E81EBF7-D7D3-410A-85B8-576F63C39DBA}"
EndProject
Project("{2150E333-8FDC-42A3-9474-1A3956D46DE8}") = "2.1.简单工厂", "2.1.简单工厂", "{A69567E0-1EBB-46E6-A5EC-AAD11411D103}"
	ProjectSection(SolutionItems) = preProject
		2.工厂方法模式\README.md = 2.工厂方法模式\README.md
	EndProjectSection
EndProject
Project("{9A19103F-16F7-4668-BE54-9A1E7A4F7556}") = "Singleton1", "1.单例模式\1.1.饿汉式\1.1.1.静态字段\Singleton1\Singleton1.csproj", "{F0982A63-7F73-4C43-91E6-86713A2A77EB}"
EndProject
Project("{9A19103F-16F7-4668-BE54-9A1E7A4F7556}") = "Singleton2", "1.单例模式\1.2.懒汉式\1.2.1.单线程（多线程不安全）\Singleton2\Singleton2.csproj", "{5078E0B4-C357-4963-8E34-C9807E95024B}"
EndProject
Project("{9A19103F-16F7-4668-BE54-9A1E7A4F7556}") = "Singleton3", "1.单例模式\1.2.懒汉式\1.2.2.加锁\Singleton3\Singleton3.csproj", "{C7FCC649-9ECB-4A33-9B76-B2D5F11F8987}"
EndProject
Project("{9A19103F-16F7-4668-BE54-9A1E7A4F7556}") = "Singleton4", "1.单例模式\1.2.懒汉式\1.2.3.加锁的双重判断\Singleton4\Singleton4.csproj", "{3D3AC899-6186-42D9-98CA-720033357909}"
EndProject
Project("{9A19103F-16F7-4668-BE54-9A1E7A4F7556}") = "Singleton5", "1.单例模式\1.2.懒汉式\1.2.4.静态内部类\Singleton5\Singleton5.csproj", "{2F49E274-7B34-4DA4-BE07-DCD3800E75F5}"
EndProject
Project("{2150E333-8FDC-42A3-9474-1A3956D46DE8}") = "2.1.1.普通实现", "2.1.1.普通实现", "{FAB1E882-DC6E-45AC-84A1-46A6C5E11E21}"
EndProject
Project("{2150E333-8FDC-42A3-9474-1A3956D46DE8}") = "2.1.2.简单工厂实现", "2.1.2.简单工厂实现", "{69A04E9E-726D-4366-800B-21B189128584}"
EndProject
Project("{9A19103F-16F7-4668-BE54-9A1E7A4F7556}") = "SimpleFactory1", "2.工厂方法模式\2.1.简单工厂\2.1.1.普通实现\SimpleFactory1\SimpleFactory1.csproj", "{78F4E902-F464-4A66-A3CE-7AD490EA2B14}"
EndProject
Project("{9A19103F-16F7-4668-BE54-9A1E7A4F7556}") = "SimpleFactory2", "2.工厂方法模式\2.1.简单工厂\2.1.2.简单工厂实现\SimpleFactory2\SimpleFactory2.csproj", "{3878E0FE-7EEE-4745-B517-46566C39AD1C}"
EndProject
Project("{9A19103F-16F7-4668-BE54-9A1E7A4F7556}") = "SimpleFactory3", "2.工厂方法模式\2.1.简单工厂\2.1.2.简单工厂实现\SimpleFactory3\SimpleFactory3.csproj", "{F17261C9-BA8A-4525-837F-1CA7AD56D944}"
EndProject
Project("{2150E333-8FDC-42A3-9474-1A3956D46DE8}") = "2.2.工厂方法", "2.2.工厂方法", "{EE2B76B7-B7DC-480D-B58C-2534FD3A2037}"
EndProject
Project("{9A19103F-16F7-4668-BE54-9A1E7A4F7556}") = "FactoryMethod", "2.工厂方法模式\2.2.工厂方法\FactoryMethod\FactoryMethod.csproj", "{F9C75D0D-B494-4B2D-8893-2797619EEB31}"
EndProject
Project("{2150E333-8FDC-42A3-9474-1A3956D46DE8}") = "3.抽象工厂模式", "3.抽象工厂模式", "{6F77D392-2151-4668-A937-4457827EA0F3}"
EndProject
Project("{2150E333-8FDC-42A3-9474-1A3956D46DE8}") = "4.原型模式", "4.原型模式", "{FE1583FA-01B0-457A-880F-0A011DDD8E69}"
EndProject
Project("{9A19103F-16F7-4668-BE54-9A1E7A4F7556}") = "AbstractFactory", "3.抽象工厂模式\AbstractFactory\AbstractFactory.csproj", "{AD30BB54-A75A-4554-A3F4-4ED021BE3849}"
EndProject
Project("{9A19103F-16F7-4668-BE54-9A1E7A4F7556}") = "Prototype", "4.原型模式\Prototype\Prototype.csproj", "{7F85FFD6-31A3-49D3-A442-9AFE2314128F}"
EndProject
Project("{2150E333-8FDC-42A3-9474-1A3956D46DE8}") = "5.建造者模式", "5.建造者模式", "{4861A83A-1108-4CEA-842A-70558FEB72A5}"
EndProject
Project("{9A19103F-16F7-4668-BE54-9A1E7A4F7556}") = "Builder", "5.构建器模式\Builder\Builder.csproj", "{BBA52EAF-5747-47A8-88E3-74D82728923A}"
EndProject
Project("{2150E333-8FDC-42A3-9474-1A3956D46DE8}") = "6.适配器模式", "6.适配器模式", "{5B574066-9E65-4EA0-8309-E1F20931D9EE}"
	ProjectSection(SolutionItems) = preProject
		6.适配器模式\README.md = 6.适配器模式\README.md
	EndProjectSection
EndProject
Project("{2150E333-8FDC-42A3-9474-1A3956D46DE8}") = "6.1.类适配器", "6.1.类适配器", "{8985B060-835E-4A59-AB9D-8CFE44A26F0A}"
EndProject
Project("{2150E333-8FDC-42A3-9474-1A3956D46DE8}") = "6.2.对象适配器", "6.2.对象适配器", "{1507D0DC-9F31-4A9F-9BE7-C0E2372E0EBD}"
EndProject
Project("{9A19103F-16F7-4668-BE54-9A1E7A4F7556}") = "Adapter", "6.适配器模式\6.1.类适配器\Adapter\Adapter.csproj", "{A914A2D7-C3BD-4864-99F8-E70907C686D1}"
EndProject
Project("{9A19103F-16F7-4668-BE54-9A1E7A4F7556}") = "Adapter2", "6.适配器模式\6.2.对象适配器\Adapter2\Adapter2.csproj", "{B7EDE040-58FD-43A8-BD32-56BD9367AA94}"
EndProject
Project("{2150E333-8FDC-42A3-9474-1A3956D46DE8}") = "7.桥接模式", "7.桥接模式", "{78FB411F-2A7F-44B6-AADE-736948C52079}"
EndProject
Project("{9A19103F-16F7-4668-BE54-9A1E7A4F7556}") = "Bridge", "7.桥接模式\Bridge\Bridge.csproj", "{16B2026F-24E8-43AD-954D-A0639D372F22}"
EndProject
Project("{2150E333-8FDC-42A3-9474-1A3956D46DE8}") = "8.装饰模式", "8.装饰模式", "{DEC3539B-7D94-4D1F-A8F1-6814DF6B41DA}"
EndProject
Project("{9A19103F-16F7-4668-BE54-9A1E7A4F7556}") = "Decorator", "8.装饰者模式\Decorator\Decorator.csproj", "{AACEB5E7-5FAA-4217-9DE8-9E9E6124676E}"
EndProject
Project("{2150E333-8FDC-42A3-9474-1A3956D46DE8}") = "9.组合模式", "9.组合模式", "{D6CC15F9-58CC-46C3-92D9-E78DD3170762}"
EndProject
Project("{9A19103F-16F7-4668-BE54-9A1E7A4F7556}") = "Composite", "9.组合模式\Composite\Composite.csproj", "{2F370130-F447-4889-BAC2-D4D5F669D227}"
EndProject
Global
	GlobalSection(SolutionConfigurationPlatforms) = preSolution
		Debug|Any CPU = Debug|Any CPU
		Release|Any CPU = Release|Any CPU
	EndGlobalSection
	GlobalSection(ProjectConfigurationPlatforms) = postSolution
		{F0982A63-7F73-4C43-91E6-86713A2A77EB}.Debug|Any CPU.ActiveCfg = Debug|Any CPU
		{F0982A63-7F73-4C43-91E6-86713A2A77EB}.Debug|Any CPU.Build.0 = Debug|Any CPU
		{F0982A63-7F73-4C43-91E6-86713A2A77EB}.Release|Any CPU.ActiveCfg = Release|Any CPU
		{F0982A63-7F73-4C43-91E6-86713A2A77EB}.Release|Any CPU.Build.0 = Release|Any CPU
		{5078E0B4-C357-4963-8E34-C9807E95024B}.Debug|Any CPU.ActiveCfg = Debug|Any CPU
		{5078E0B4-C357-4963-8E34-C9807E95024B}.Debug|Any CPU.Build.0 = Debug|Any CPU
		{5078E0B4-C357-4963-8E34-C9807E95024B}.Release|Any CPU.ActiveCfg = Release|Any CPU
		{5078E0B4-C357-4963-8E34-C9807E95024B}.Release|Any CPU.Build.0 = Release|Any CPU
		{C7FCC649-9ECB-4A33-9B76-B2D5F11F8987}.Debug|Any CPU.ActiveCfg = Debug|Any CPU
		{C7FCC649-9ECB-4A33-9B76-B2D5F11F8987}.Debug|Any CPU.Build.0 = Debug|Any CPU
		{C7FCC649-9ECB-4A33-9B76-B2D5F11F8987}.Release|Any CPU.ActiveCfg = Release|Any CPU
		{C7FCC649-9ECB-4A33-9B76-B2D5F11F8987}.Release|Any CPU.Build.0 = Release|Any CPU
		{3D3AC899-6186-42D9-98CA-720033357909}.Debug|Any CPU.ActiveCfg = Debug|Any CPU
		{3D3AC899-6186-42D9-98CA-720033357909}.Debug|Any CPU.Build.0 = Debug|Any CPU
		{3D3AC899-6186-42D9-98CA-720033357909}.Release|Any CPU.ActiveCfg = Release|Any CPU
		{3D3AC899-6186-42D9-98CA-720033357909}.Release|Any CPU.Build.0 = Release|Any CPU
		{2F49E274-7B34-4DA4-BE07-DCD3800E75F5}.Debug|Any CPU.ActiveCfg = Debug|Any CPU
		{2F49E274-7B34-4DA4-BE07-DCD3800E75F5}.Debug|Any CPU.Build.0 = Debug|Any CPU
		{2F49E274-7B34-4DA4-BE07-DCD3800E75F5}.Release|Any CPU.ActiveCfg = Release|Any CPU
		{2F49E274-7B34-4DA4-BE07-DCD3800E75F5}.Release|Any CPU.Build.0 = Release|Any CPU
		{78F4E902-F464-4A66-A3CE-7AD490EA2B14}.Debug|Any CPU.ActiveCfg = Debug|Any CPU
		{78F4E902-F464-4A66-A3CE-7AD490EA2B14}.Debug|Any CPU.Build.0 = Debug|Any CPU
		{78F4E902-F464-4A66-A3CE-7AD490EA2B14}.Release|Any CPU.ActiveCfg = Release|Any CPU
		{78F4E902-F464-4A66-A3CE-7AD490EA2B14}.Release|Any CPU.Build.0 = Release|Any CPU
		{3878E0FE-7EEE-4745-B517-46566C39AD1C}.Debug|Any CPU.ActiveCfg = Debug|Any CPU
		{3878E0FE-7EEE-4745-B517-46566C39AD1C}.Debug|Any CPU.Build.0 = Debug|Any CPU
		{3878E0FE-7EEE-4745-B517-46566C39AD1C}.Release|Any CPU.ActiveCfg = Release|Any CPU
		{3878E0FE-7EEE-4745-B517-46566C39AD1C}.Release|Any CPU.Build.0 = Release|Any CPU
		{F17261C9-BA8A-4525-837F-1CA7AD56D944}.Debug|Any CPU.ActiveCfg = Debug|Any CPU
		{F17261C9-BA8A-4525-837F-1CA7AD56D944}.Debug|Any CPU.Build.0 = Debug|Any CPU
		{F17261C9-BA8A-4525-837F-1CA7AD56D944}.Release|Any CPU.ActiveCfg = Release|Any CPU
		{F17261C9-BA8A-4525-837F-1CA7AD56D944}.Release|Any CPU.Build.0 = Release|Any CPU
		{F9C75D0D-B494-4B2D-8893-2797619EEB31}.Debug|Any CPU.ActiveCfg = Debug|Any CPU
		{F9C75D0D-B494-4B2D-8893-2797619EEB31}.Debug|Any CPU.Build.0 = Debug|Any CPU
		{F9C75D0D-B494-4B2D-8893-2797619EEB31}.Release|Any CPU.ActiveCfg = Release|Any CPU
		{F9C75D0D-B494-4B2D-8893-2797619EEB31}.Release|Any CPU.Build.0 = Release|Any CPU
		{AD30BB54-A75A-4554-A3F4-4ED021BE3849}.Debug|Any CPU.ActiveCfg = Debug|Any CPU
		{AD30BB54-A75A-4554-A3F4-4ED021BE3849}.Debug|Any CPU.Build.0 = Debug|Any CPU
		{AD30BB54-A75A-4554-A3F4-4ED021BE3849}.Release|Any CPU.ActiveCfg = Release|Any CPU
		{AD30BB54-A75A-4554-A3F4-4ED021BE3849}.Release|Any CPU.Build.0 = Release|Any CPU
		{7F85FFD6-31A3-49D3-A442-9AFE2314128F}.Debug|Any CPU.ActiveCfg = Debug|Any CPU
		{7F85FFD6-31A3-49D3-A442-9AFE2314128F}.Debug|Any CPU.Build.0 = Debug|Any CPU
		{7F85FFD6-31A3-49D3-A442-9AFE2314128F}.Release|Any CPU.ActiveCfg = Release|Any CPU
		{7F85FFD6-31A3-49D3-A442-9AFE2314128F}.Release|Any CPU.Build.0 = Release|Any CPU
		{BBA52EAF-5747-47A8-88E3-74D82728923A}.Debug|Any CPU.ActiveCfg = Debug|Any CPU
		{BBA52EAF-5747-47A8-88E3-74D82728923A}.Debug|Any CPU.Build.0 = Debug|Any CPU
		{BBA52EAF-5747-47A8-88E3-74D82728923A}.Release|Any CPU.ActiveCfg = Release|Any CPU
		{BBA52EAF-5747-47A8-88E3-74D82728923A}.Release|Any CPU.Build.0 = Release|Any CPU
		{A914A2D7-C3BD-4864-99F8-E70907C686D1}.Debug|Any CPU.ActiveCfg = Debug|Any CPU
		{A914A2D7-C3BD-4864-99F8-E70907C686D1}.Debug|Any CPU.Build.0 = Debug|Any CPU
		{A914A2D7-C3BD-4864-99F8-E70907C686D1}.Release|Any CPU.ActiveCfg = Release|Any CPU
		{A914A2D7-C3BD-4864-99F8-E70907C686D1}.Release|Any CPU.Build.0 = Release|Any CPU
		{B7EDE040-58FD-43A8-BD32-56BD9367AA94}.Debug|Any CPU.ActiveCfg = Debug|Any CPU
		{B7EDE040-58FD-43A8-BD32-56BD9367AA94}.Debug|Any CPU.Build.0 = Debug|Any CPU
		{B7EDE040-58FD-43A8-BD32-56BD9367AA94}.Release|Any CPU.ActiveCfg = Release|Any CPU
		{B7EDE040-58FD-43A8-BD32-56BD9367AA94}.Release|Any CPU.Build.0 = Release|Any CPU
		{16B2026F-24E8-43AD-954D-A0639D372F22}.Debug|Any CPU.ActiveCfg = Debug|Any CPU
		{16B2026F-24E8-43AD-954D-A0639D372F22}.Debug|Any CPU.Build.0 = Debug|Any CPU
		{16B2026F-24E8-43AD-954D-A0639D372F22}.Release|Any CPU.ActiveCfg = Release|Any CPU
		{16B2026F-24E8-43AD-954D-A0639D372F22}.Release|Any CPU.Build.0 = Release|Any CPU
		{AACEB5E7-5FAA-4217-9DE8-9E9E6124676E}.Debug|Any CPU.ActiveCfg = Debug|Any CPU
		{AACEB5E7-5FAA-4217-9DE8-9E9E6124676E}.Debug|Any CPU.Build.0 = Debug|Any CPU
		{AACEB5E7-5FAA-4217-9DE8-9E9E6124676E}.Release|Any CPU.ActiveCfg = Release|Any CPU
		{AACEB5E7-5FAA-4217-9DE8-9E9E6124676E}.Release|Any CPU.Build.0 = Release|Any CPU
		{2F370130-F447-4889-BAC2-D4D5F669D227}.Debug|Any CPU.ActiveCfg = Debug|Any CPU
		{2F370130-F447-4889-BAC2-D4D5F669D227}.Debug|Any CPU.Build.0 = Debug|Any CPU
		{2F370130-F447-4889-BAC2-D4D5F669D227}.Release|Any CPU.ActiveCfg = Release|Any CPU
		{2F370130-F447-4889-BAC2-D4D5F669D227}.Release|Any CPU.Build.0 = Release|Any CPU
	EndGlobalSection
	GlobalSection(SolutionProperties) = preSolution
		HideSolutionNode = FALSE
	EndGlobalSection
	GlobalSection(NestedProjects) = preSolution
		{CA03F33E-B5EA-4CA9-99FC-A3EADDFC8088} = {99FF2A98-E6FD-4BFD-9258-2D4E9799FE5A}
		{FF5A25C3-E5B2-4A8F-8407-E9335135CE78} = {99FF2A98-E6FD-4BFD-9258-2D4E9799FE5A}
		{0840B6FF-9E25-45F2-9A58-3E721F94FD92} = {CA03F33E-B5EA-4CA9-99FC-A3EADDFC8088}
		{D4C9F7EC-78EC-4A95-89E2-FFD42B9419C3} = {FF5A25C3-E5B2-4A8F-8407-E9335135CE78}
		{1DD20651-FCD9-4A15-9931-25C6659EEAF0} = {FF5A25C3-E5B2-4A8F-8407-E9335135CE78}
		{74B59918-B666-4CA5-97CF-5847AF2180B4} = {FF5A25C3-E5B2-4A8F-8407-E9335135CE78}
		{1413EED2-C798-4243-BBFB-14D0537330A5} = {FF5A25C3-E5B2-4A8F-8407-E9335135CE78}
		{5B496D9F-263E-4E39-AAF7-849B17ACF0D7} = {99FF2A98-E6FD-4BFD-9258-2D4E9799FE5A}
		{A69567E0-1EBB-46E6-A5EC-AAD11411D103} = {3E81EBF7-D7D3-410A-85B8-576F63C39DBA}
		{F0982A63-7F73-4C43-91E6-86713A2A77EB} = {0840B6FF-9E25-45F2-9A58-3E721F94FD92}
		{5078E0B4-C357-4963-8E34-C9807E95024B} = {D4C9F7EC-78EC-4A95-89E2-FFD42B9419C3}
		{C7FCC649-9ECB-4A33-9B76-B2D5F11F8987} = {1DD20651-FCD9-4A15-9931-25C6659EEAF0}
		{3D3AC899-6186-42D9-98CA-720033357909} = {74B59918-B666-4CA5-97CF-5847AF2180B4}
		{2F49E274-7B34-4DA4-BE07-DCD3800E75F5} = {1413EED2-C798-4243-BBFB-14D0537330A5}
		{FAB1E882-DC6E-45AC-84A1-46A6C5E11E21} = {A69567E0-1EBB-46E6-A5EC-AAD11411D103}
		{69A04E9E-726D-4366-800B-21B189128584} = {A69567E0-1EBB-46E6-A5EC-AAD11411D103}
		{78F4E902-F464-4A66-A3CE-7AD490EA2B14} = {FAB1E882-DC6E-45AC-84A1-46A6C5E11E21}
		{3878E0FE-7EEE-4745-B517-46566C39AD1C} = {69A04E9E-726D-4366-800B-21B189128584}
		{F17261C9-BA8A-4525-837F-1CA7AD56D944} = {69A04E9E-726D-4366-800B-21B189128584}
		{EE2B76B7-B7DC-480D-B58C-2534FD3A2037} = {3E81EBF7-D7D3-410A-85B8-576F63C39DBA}
		{F9C75D0D-B494-4B2D-8893-2797619EEB31} = {EE2B76B7-B7DC-480D-B58C-2534FD3A2037}
		{AD30BB54-A75A-4554-A3F4-4ED021BE3849} = {6F77D392-2151-4668-A937-4457827EA0F3}
		{7F85FFD6-31A3-49D3-A442-9AFE2314128F} = {FE1583FA-01B0-457A-880F-0A011DDD8E69}
		{BBA52EAF-5747-47A8-88E3-74D82728923A} = {4861A83A-1108-4CEA-842A-70558FEB72A5}
		{8985B060-835E-4A59-AB9D-8CFE44A26F0A} = {5B574066-9E65-4EA0-8309-E1F20931D9EE}
		{1507D0DC-9F31-4A9F-9BE7-C0E2372E0EBD} = {5B574066-9E65-4EA0-8309-E1F20931D9EE}
		{A914A2D7-C3BD-4864-99F8-E70907C686D1} = {8985B060-835E-4A59-AB9D-8CFE44A26F0A}
		{B7EDE040-58FD-43A8-BD32-56BD9367AA94} = {1507D0DC-9F31-4A9F-9BE7-C0E2372E0EBD}
		{16B2026F-24E8-43AD-954D-A0639D372F22} = {78FB411F-2A7F-44B6-AADE-736948C52079}
		{AACEB5E7-5FAA-4217-9DE8-9E9E6124676E} = {DEC3539B-7D94-4D1F-A8F1-6814DF6B41DA}
		{2F370130-F447-4889-BAC2-D4D5F669D227} = {D6CC15F9-58CC-46C3-92D9-E78DD3170762}
	EndGlobalSection
	GlobalSection(ExtensibilityGlobals) = postSolution
		SolutionGuid = {3EB99CEE-65FA-4A26-8014-0D446B9D7D7E}
	EndGlobalSection
EndGlobal
